{
  "nodes": {
    "nixpkgs": {
      "locked": {
        "lastModified": 1724740600,
        "narHash": "sha256-JP6fFxQyeWd5GTJrlwItIJJtT2VuOiwIzb/QEMNICwI=",
        "owner": "nixos",
        "repo": "nixpkgs",
        "rev": "c32bd049ad54e6a8c1300164061a6e18de6781bc",
        "type": "github"
      },
      "original": {
        "owner": "nixos",
        "ref": "nixos-unstable-small",
        "repo": "nixpkgs",
        "type": "github"
      }
    },
    "root": {
      "inputs": {
        "nixpkgs": "nixpkgs"
      }
    }
  },
  "root": "root",
  "version": 7
}
