{
  "nodes": {
    "home-manager": {
      "inputs": {
        "nixpkgs": [
          "nixpkgs"
        ]
      },
      "locked": {
        "lastModified": 1725781935,
        "narHash": "sha256-o6LRtdpgBTzev9n243Ktu3rn0/qsv0frFyJwU6vJsdE=",
        "owner": "FZDSLR",
        "repo": "home-manager-loong99pi",
        "rev": "ec4c6928bbacc89cf10e9c959a7a47cbaad95344",
        "type": "github"
      },
      "original": {
        "owner": "FZDSLR",
        "ref": "master",
        "repo": "home-manager-loong99pi",
        "type": "github"
      }
    },
    "nixpkgs": {
      "locked": {
        "lastModified": 1725601365,
        "narHash": "sha256-jadfra53t8BvInKjIRvF4o2uqiqbXacZpJKZnm7k2Rk=",
        "owner": "FZDSLR",
        "repo": "nixpkg-loong64-test",
        "rev": "3959d6d9a7594beb362c669858ece1c29f8c3e3a",
        "type": "github"
      },
      "original": {
        "owner": "FZDSLR",
        "ref": "test",
        "repo": "nixpkg-loong64-test",
        "type": "github"
      }
    },
    "root": {
      "inputs": {
        "home-manager": "home-manager",
        "nixpkgs": "nixpkgs"
      }
    }
  },
  "root": "root",
  "version": 7
}
